
Microsoft Visual Studio Solution File, Format Version 12.00
# Visual Studio Version 17
VisualStudioVersion = 17.13.35931.197 d17.13
MinimumVisualStudioVersion = 10.0.40219.1
Project("{FAE04EC0-301F-11D3-BF4B-00C04F79EFBC}") = "MauiAppIOSSampleBitMono", "MauiAppIOSSampleBitMono\MauiAppIOSSampleBitMono.csproj", "{48A864A5-17D0-445B-9D48-380135D55606}"
EndProject
Global
	GlobalSection(SolutionConfigurationPlatforms) = preSolution
		Debug|Any CPU = Debug|Any CPU
		Release|Any CPU = Release|Any CPU
	EndGlobalSection
	GlobalSection(ProjectConfigurationPlatforms) = postSolution
		{48A864A5-17D0-445B-9D48-380135D55606}.Debug|Any CPU.ActiveCfg = Debug|Any CPU
		{48A864A5-17D0-445B-9D48-380135D55606}.Debug|Any CPU.Build.0 = Debug|Any CPU
		{48A864A5-17D0-445B-9D48-380135D55606}.Debug|Any CPU.Deploy.0 = Debug|Any CPU
		{48A864A5-17D0-445B-9D48-380135D55606}.Release|Any CPU.ActiveCfg = Release|Any CPU
		{48A864A5-17D0-445B-9D48-380135D55606}.Release|Any CPU.Build.0 = Release|Any CPU
	EndGlobalSection
	GlobalSection(SolutionProperties) = preSolution
		HideSolutionNode = FALSE
	EndGlobalSection
	GlobalSection(ExtensibilityGlobals) = postSolution
		SolutionGuid = {2CB4FBD1-64BE-4144-9A25-45B4019B513A}
	EndGlobalSection
EndGlobal
